
Microsoft Visual Studio Solution File, Format Version 12.00
# Visual Studio 15
VisualStudioVersion = 15.0.28010.2019
MinimumVisualStudioVersion = 10.0.40219.1
Project("{FAE04EC0-301F-11D3-BF4B-00C04F79EFBC}") = "DragAndDropImage", "DragAndDropImage\DragAndDropImage.csproj", "{DD8150A7-5A5E-4BAE-95B6-D5ACDEC2EBF9}"
EndProject
Global
	GlobalSection(SolutionConfigurationPlatforms) = preSolution
		Debug|Any CPU = Debug|Any CPU
		Release|Any CPU = Release|Any CPU
	EndGlobalSection
	GlobalSection(ProjectConfigurationPlatforms) = postSolution
		{DD8150A7-5A5E-4BAE-95B6-D5ACDEC2EBF9}.Debug|Any CPU.ActiveCfg = Debug|Any CPU
		{DD8150A7-5A5E-4BAE-95B6-D5ACDEC2EBF9}.Debug|Any CPU.Build.0 = Debug|Any CPU
		{DD8150A7-5A5E-4BAE-95B6-D5ACDEC2EBF9}.Release|Any CPU.ActiveCfg = Release|Any CPU
		{DD8150A7-5A5E-4BAE-95B6-D5ACDEC2EBF9}.Release|Any CPU.Build.0 = Release|Any CPU
	EndGlobalSection
	GlobalSection(SolutionProperties) = preSolution
		HideSolutionNode = FALSE
	EndGlobalSection
	GlobalSection(ExtensibilityGlobals) = postSolution
		SolutionGuid = {F7DDF548-2ADE-400D-8C98-28173207E648}
	EndGlobalSection
EndGlobal
